
Microsoft Visual Studio Solution File, Format Version 12.00
# Visual Studio Version 16
VisualStudioVersion = 16.0.30406.217
MinimumVisualStudioVersion = 10.0.40219.1
Project("{F184B08F-C81C-45F6-A57F-5ABD9991F28F}") = "Address_Book", "Address_Book.vbproj", "{347198E2-5FD7-4D2C-9551-AE20C643BB01}"
EndProject
Global
	GlobalSection(SolutionConfigurationPlatforms) = preSolution
		Debug|Any CPU = Debug|Any CPU
		Release|Any CPU = Release|Any CPU
	EndGlobalSection
	GlobalSection(ProjectConfigurationPlatforms) = postSolution
		{347198E2-5FD7-4D2C-9551-AE20C643BB01}.Debug|Any CPU.ActiveCfg = Debug|Any CPU
		{347198E2-5FD7-4D2C-9551-AE20C643BB01}.Debug|Any CPU.Build.0 = Debug|Any CPU
		{347198E2-5FD7-4D2C-9551-AE20C643BB01}.Release|Any CPU.ActiveCfg = Release|Any CPU
		{347198E2-5FD7-4D2C-9551-AE20C643BB01}.Release|Any CPU.Build.0 = Release|Any CPU
	EndGlobalSection
	GlobalSection(SolutionProperties) = preSolution
		HideSolutionNode = FALSE
	EndGlobalSection
	GlobalSection(ExtensibilityGlobals) = postSolution
		SolutionGuid = {AA55854E-2416-4232-9F10-6955B4B42C7D}
	EndGlobalSection
EndGlobal
